{
    "_meta": {
        "hash": {
            "sha256": "cc580666520e49206414747789824998c089f82acbaa295c272a4313d508ede7"
        },
        "pipfile-spec": 6,
        "requires": {
            "python_version": "3.7"
        },
        "sources": [
            {
                "name": "pypi",
                "url": "https://pypi.org/simple",
                "verify_ssl": true
            }
        ]
    },
    "default": {
        "certifi": {
            "hashes": [
                "sha256:35824b4c3a97115964b408844d64aa14db1cc518f6562e8d7261699d1350a9e3",
                "sha256:4ad3232f5e926d6718ec31cfc1fcadfde020920e278684144551c91769c7bc18"
            ],
            "index": "pypi",
            "version": "==2022.12.7"
        },
        "kaos": {
            "editable": true,
            "path": "./cli"
        },
        "kaos-model": {
            "editable": true,
            "path": "./model"
        },
        "sanitized-package": {
            "editable": true,
            "path": "./cli"
        }
    },
    "develop": {
        "certifi": {
            "hashes": [
                "sha256:35824b4c3a97115964b408844d64aa14db1cc518f6562e8d7261699d1350a9e3",
                "sha256:4ad3232f5e926d6718ec31cfc1fcadfde020920e278684144551c91769c7bc18"
            ],
            "index": "pypi",
            "version": "==2022.12.7"
        },
        "kaos-backend": {
            "editable": true,
            "path": "./backend"
        },
        "kaos-integration-tests": {
            "editable": true,
            "path": "./testing/integration"
        },
        "sanitized-package": {
            "editable": true,
            "path": "./cli"
        }
    }
}
