{
    "_meta": {
        "hash": {
            "sha256": "cc580666520e49206414747789824998c089f82acbaa295c272a4313d508ede7"
        },
        "pipfile-spec": 6,
        "requires": {
            "python_version": "3.7"
        },
        "sources": [
            {
                "name": "pypi",
                "url": "https://pypi.org/simple",
                "verify_ssl": true
            }
        ]
    },
    "default": {
        "kaos": {
            "editable": true,
            "path": "./cli"
        },
        "kaos-model": {
            "editable": true,
            "path": "./model"
        },
        "sanitized-package": {
            "editable": true,
            "path": "./cli"
        }
    },
    "develop": {
        "kaos-backend": {
            "editable": true,
            "path": "./backend"
        },
        "kaos-integration-tests": {
            "editable": true,
            "path": "./testing/integration"
        },
        "pypdf2": {
            "hashes": [
                "sha256:7c18c1d48e56547b1c33f772dc15d6adbd1f4020b62e64bb4a0bc0ee2ab94511",
                "sha256:9c81fc06be50fbf2e6199e8c2eac05f3eaafae4b3905ecca41200f5b02ac43d7"
            ],
            "index": "pypi",
            "version": "==1.27.5"
        },
        "sanitized-package": {
            "editable": true,
            "path": "./cli"
        }
    }
}
