{
    "_meta": {
        "hash": {
            "sha256": "cc580666520e49206414747789824998c089f82acbaa295c272a4313d508ede7"
        },
        "pipfile-spec": 6,
        "requires": {
            "python_version": "3.7"
        },
        "sources": [
            {
                "name": "pypi",
                "url": "https://pypi.org/simple",
                "verify_ssl": true
            }
        ]
    },
    "default": {
        "kaos": {
            "editable": true,
            "path": "./cli"
        },
        "kaos-model": {
            "editable": true,
            "path": "./model"
        }
    },
    "develop": {
        "kaos-backend": {
            "editable": true,
            "path": "./backend"
        },
        "kaos-integration-tests": {
            "editable": true,
            "path": "./testing/integration"
        },
        "werkzeug": {
            "hashes": [
                "sha256:97660b282aa7e29f94f3fe378e5c7162d7ab9d601a8dbb1cbb2ffc8f0e54607d",
                "sha256:cfd1281b1748288e59762c0e174d64d8bcb2b70e7c57bc4a1203c8825af24ac3"
            ],
            "index": "pypi",
            "version": "==0.15.3"
        }
    }
}
